
Microsoft Visual Studio Solution File, Format Version 12.00
# Visual Studio Version 16
VisualStudioVersion = 16.0.30717.126
MinimumVisualStudioVersion = 10.0.40219.1
Project("{FAE04EC0-301F-11D3-BF4B-00C04F79EFBC}") = "5-4b", "5-4b\5-4b.csproj", "{0CD96D11-293E-4F8D-A6DC-EE289CEF4CB9}"
EndProject
Global
	GlobalSection(SolutionConfigurationPlatforms) = preSolution
		Debug|Any CPU = Debug|Any CPU
		Release|Any CPU = Release|Any CPU
	EndGlobalSection
	GlobalSection(ProjectConfigurationPlatforms) = postSolution
		{0CD96D11-293E-4F8D-A6DC-EE289CEF4CB9}.Debug|Any CPU.ActiveCfg = Debug|Any CPU
		{0CD96D11-293E-4F8D-A6DC-EE289CEF4CB9}.Debug|Any CPU.Build.0 = Debug|Any CPU
		{0CD96D11-293E-4F8D-A6DC-EE289CEF4CB9}.Release|Any CPU.ActiveCfg = Release|Any CPU
		{0CD96D11-293E-4F8D-A6DC-EE289CEF4CB9}.Release|Any CPU.Build.0 = Release|Any CPU
	EndGlobalSection
	GlobalSection(SolutionProperties) = preSolution
		HideSolutionNode = FALSE
	EndGlobalSection
	GlobalSection(ExtensibilityGlobals) = postSolution
		SolutionGuid = {B144F3E2-4576-44C0-A21C-ABDA4FE2CD57}
	EndGlobalSection
EndGlobal
